
Microsoft Visual Studio Solution File, Format Version 11.00
# Visual Studio 2010
Project("{FAE04EC0-301F-11D3-BF4B-00C04F79EFBC}") = "MonkeyOrm", "MonkeyOrm\MonkeyOrm.csproj", "{984A409F-DF38-414E-8293-1D27C65916F4}"
EndProject
Project("{FAE04EC0-301F-11D3-BF4B-00C04F79EFBC}") = "MonkeyOrm.Tests", "MonkeyOrm.Tests\MonkeyOrm.Tests.csproj", "{249ED4F8-A2B0-4E63-9950-5C99FB65FE91}"
EndProject
Project("{2150E333-8FDC-42A3-9474-1A3956D46DE8}") = "Tests", "Tests", "{C0C14E4C-8C9D-422F-9096-9932364530EB}"
EndProject
Global
	GlobalSection(SolutionConfigurationPlatforms) = preSolution
		Debug|Any CPU = Debug|Any CPU
		Debug|Mixed Platforms = Debug|Mixed Platforms
		Debug|x86 = Debug|x86
		Release|Any CPU = Release|Any CPU
		Release|Mixed Platforms = Release|Mixed Platforms
		Release|x86 = Release|x86
	EndGlobalSection
	GlobalSection(ProjectConfigurationPlatforms) = postSolution
		{984A409F-DF38-414E-8293-1D27C65916F4}.Debug|Any CPU.ActiveCfg = Debug|Any CPU
		{984A409F-DF38-414E-8293-1D27C65916F4}.Debug|Any CPU.Build.0 = Debug|Any CPU
		{984A409F-DF38-414E-8293-1D27C65916F4}.Debug|Mixed Platforms.ActiveCfg = Debug|Any CPU
		{984A409F-DF38-414E-8293-1D27C65916F4}.Debug|Mixed Platforms.Build.0 = Debug|Any CPU
		{984A409F-DF38-414E-8293-1D27C65916F4}.Debug|x86.ActiveCfg = Debug|Any CPU
		{984A409F-DF38-414E-8293-1D27C65916F4}.Release|Any CPU.ActiveCfg = Release|Any CPU
		{984A409F-DF38-414E-8293-1D27C65916F4}.Release|Any CPU.Build.0 = Release|Any CPU
		{984A409F-DF38-414E-8293-1D27C65916F4}.Release|Mixed Platforms.ActiveCfg = Release|Any CPU
		{984A409F-DF38-414E-8293-1D27C65916F4}.Release|Mixed Platforms.Build.0 = Release|Any CPU
		{984A409F-DF38-414E-8293-1D27C65916F4}.Release|x86.ActiveCfg = Release|Any CPU
		{249ED4F8-A2B0-4E63-9950-5C99FB65FE91}.Debug|Any CPU.ActiveCfg = Debug|Any CPU
		{249ED4F8-A2B0-4E63-9950-5C99FB65FE91}.Debug|Any CPU.Build.0 = Debug|Any CPU
		{249ED4F8-A2B0-4E63-9950-5C99FB65FE91}.Debug|Mixed Platforms.ActiveCfg = Debug|Any CPU
		{249ED4F8-A2B0-4E63-9950-5C99FB65FE91}.Debug|Mixed Platforms.Build.0 = Debug|Any CPU
		{249ED4F8-A2B0-4E63-9950-5C99FB65FE91}.Debug|x86.ActiveCfg = Debug|Any CPU
		{249ED4F8-A2B0-4E63-9950-5C99FB65FE91}.Release|Any CPU.ActiveCfg = Release|Any CPU
		{249ED4F8-A2B0-4E63-9950-5C99FB65FE91}.Release|Any CPU.Build.0 = Release|Any CPU
		{249ED4F8-A2B0-4E63-9950-5C99FB65FE91}.Release|Mixed Platforms.ActiveCfg = Release|Any CPU
		{249ED4F8-A2B0-4E63-9950-5C99FB65FE91}.Release|Mixed Platforms.Build.0 = Release|Any CPU
		{249ED4F8-A2B0-4E63-9950-5C99FB65FE91}.Release|x86.ActiveCfg = Release|Any CPU
	EndGlobalSection
	GlobalSection(SolutionProperties) = preSolution
		HideSolutionNode = FALSE
	EndGlobalSection
	GlobalSection(NestedProjects) = preSolution
		{249ED4F8-A2B0-4E63-9950-5C99FB65FE91} = {C0C14E4C-8C9D-422F-9096-9932364530EB}
	EndGlobalSection
EndGlobal
